// !$*UTF8*$!
{
	archiveVersion = 1;
	classes = {
	};
	objectVersion = 50;
	objects = {

/* Begin PBXBuildFile section */
		83A5F227223038BE00CC2D77 /* AppDelegate.swift in Sources */ = {isa = PBXBuildFile; fileRef = 83A5F226223038BE00CC2D77 /* AppDelegate.swift */; };
		83A5F229223038BE00CC2D77 /* ViewController.swift in Sources */ = {isa = PBXBuildFile; fileRef = 83A5F228223038BE00CC2D77 /* ViewController.swift */; };
		83A5F22C223038BE00CC2D77 /* Main.storyboard in Resources */ = {isa = PBXBuildFile; fileRef = 83A5F22A223038BE00CC2D77 /* Main.storyboard */; };
		83A5F22E223038BF00CC2D77 /* Assets.xcassets in Resources */ = {isa = PBXBuildFile; fileRef = 83A5F22D223038BF00CC2D77 /* Assets.xcassets */; };
		83A5F231223038BF00CC2D77 /* LaunchScreen.storyboard in Resources */ = {isa = PBXBuildFile; fileRef = 83A5F22F223038BF00CC2D77 /* LaunchScreen.storyboard */; };
		83A5F23C223038C000CC2D77 /* ChatBot1Tests.swift in Sources */ = {isa = PBXBuildFile; fileRef = 83A5F23B223038C000CC2D77 /* ChatBot1Tests.swift */; };
		83A5F247223038C000CC2D77 /* ChatBot1UITests.swift in Sources */ = {isa = PBXBuildFile; fileRef = 83A5F246223038C000CC2D77 /* ChatBot1UITests.swift */; };
/* End PBXBuildFile section */

/* Begin PBXContainerItemProxy section */
		83A5F238223038C000CC2D77 /* PBXContainerItemProxy */ = {
			isa = PBXContainerItemProxy;
			containerPortal = 83A5F21B223038BE00CC2D77 /* Project object */;
			proxyType = 1;
			remoteGlobalIDString = 83A5F222223038BE00CC2D77;
			remoteInfo = ChatBot1;
		};
		83A5F243223038C000CC2D77 /* PBXContainerItemProxy */ = {
			isa = PBXContainerItemProxy;
			containerPortal = 83A5F21B223038BE00CC2D77 /* Project object */;
			proxyType = 1;
			remoteGlobalIDString = 83A5F222223038BE00CC2D77;
			remoteInfo = ChatBot1;
		};
/* End PBXContainerItemProxy section */

/* Begin PBXFileReference section */
		83A5F223223038BE00CC2D77 /* ChatBot1.app */ = {isa = PBXFileReference; explicitFileType = wrapper.application; includeInIndex = 0; path = ChatBot1.app; sourceTree = BUILT_PRODUCTS_DIR; };
		83A5F226223038BE00CC2D77 /* AppDelegate.swift */ = {isa = PBXFileReference; lastKnownFileType = sourcecode.swift; path = AppDelegate.swift; sourceTree = "<group>"; };
		83A5F228223038BE00CC2D77 /* ViewController.swift */ = {isa = PBXFileReference; lastKnownFileType = sourcecode.swift; path = ViewController.swift; sourceTree = "<group>"; };
		83A5F22B223038BE00CC2D77 /* Base */ = {isa = PBXFileReference; lastKnownFileType = file.storyboard; name = Base; path = Base.lproj/Main.storyboard; sourceTree = "<group>"; };
		83A5F22D223038BF00CC2D77 /* Assets.xcassets */ = {isa = PBXFileReference; lastKnownFileType = folder.assetcatalog; path = Assets.xcassets; sourceTree = "<group>"; };
		83A5F230223038BF00CC2D77 /* Base */ = {isa = PBXFileReference; lastKnownFileType = file.storyboard; name = Base; path = Base.lproj/LaunchScreen.storyboard; sourceTree = "<group>"; };
		83A5F232223038BF00CC2D77 /* Info.plist */ = {isa = PBXFileReference; lastKnownFileType = text.plist.xml; path = Info.plist; sourceTree = "<group>"; };
		83A5F237223038C000CC2D77 /* ChatBot1Tests.xctest */ = {isa = PBXFileReference; explicitFileType = wrapper.cfbundle; includeInIndex = 0; path = ChatBot1Tests.xctest; sourceTree = BUILT_PRODUCTS_DIR; };
		83A5F23B223038C000CC2D77 /* ChatBot1Tests.swift */ = {isa = PBXFileReference; lastKnownFileType = sourcecode.swift; path = ChatBot1Tests.swift; sourceTree = "<group>"; };
		83A5F23D223038C000CC2D77 /* Info.plist */ = {isa = PBXFileReference; lastKnownFileType = text.plist.xml; path = Info.plist; sourceTree = "<group>"; };
		83A5F242223038C000CC2D77 /* ChatBot1UITests.xctest */ = {isa = PBXFileReference; explicitFileType = wrapper.cfbundle; includeInIndex = 0; path = ChatBot1UITests.xctest; sourceTree = BUILT_PRODUCTS_DIR; };
		83A5F246223038C000CC2D77 /* ChatBot1UITests.swift */ = {isa = PBXFileReference; lastKnownFileType = sourcecode.swift; path = ChatBot1UITests.swift; sourceTree = "<group>"; };
		83A5F248223038C000CC2D77 /* Info.plist */ = {isa = PBXFileReference; lastKnownFileType = text.plist.xml; path = Info.plist; sourceTree = "<group>"; };
/* End PBXFileReference section */

/* Begin PBXFrameworksBuildPhase section */
		83A5F220223038BE00CC2D77 /* Frameworks */ = {
			isa = PBXFrameworksBuildPhase;
			buildActionMask = 2147483647;
			files = (
			);
			runOnlyForDeploymentPostprocessing = 0;
		};
		83A5F234223038C000CC2D77 /* Frameworks */ = {
			isa = PBXFrameworksBuildPhase;
			buildActionMask = 2147483647;
			files = (
			);
			runOnlyForDeploymentPostprocessing = 0;
		};
		83A5F23F223038C000CC2D77 /* Frameworks */ = {
			isa = PBXFrameworksBuildPhase;
			buildActionMask = 2147483647;
			files = (
			);
			runOnlyForDeploymentPostprocessing = 0;
		};
/* End PBXFrameworksBuildPhase section */

/* Begin PBXGroup section */
		83A5F21A223038BE00CC2D77 = {
			isa = PBXGroup;
			children = (
				83A5F225223038BE00CC2D77 /* ChatBot1 */,
				83A5F23A223038C000CC2D77 /* ChatBot1Tests */,
				83A5F245223038C000CC2D77 /* ChatBot1UITests */,
				83A5F224223038BE00CC2D77 /* Products */,
			);
			sourceTree = "<group>";
		};
		83A5F224223038BE00CC2D77 /* Products */ = {
			isa = PBXGroup;
			children = (
				83A5F223223038BE00CC2D77 /* ChatBot1.app */,
				83A5F237223038C000CC2D77 /* ChatBot1Tests.xctest */,
				83A5F242223038C000CC2D77 /* ChatBot1UITests.xctest */,
			);
			name = Products;
			sourceTree = "<group>";
		};
		83A5F225223038BE00CC2D77 /* ChatBot1 */ = {
			isa = PBXGroup;
			children = (
				83A5F226223038BE00CC2D77 /* AppDelegate.swift */,
				83A5F228223038BE00CC2D77 /* ViewController.swift */,
				83A5F22A223038BE00CC2D77 /* Main.storyboard */,
				83A5F22D223038BF00CC2D77 /* Assets.xcassets */,
				83A5F22F223038BF00CC2D77 /* LaunchScreen.storyboard */,
				83A5F232223038BF00CC2D77 /* Info.plist */,
			);
			path = ChatBot1;
			sourceTree = "<group>";
		};
		83A5F23A223038C000CC2D77 /* ChatBot1Tests */ = {
			isa = PBXGroup;
			children = (
				83A5F23B223038C000CC2D77 /* ChatBot1Tests.swift */,
				83A5F23D223038C000CC2D77 /* Info.plist */,
			);
			path = ChatBot1Tests;
			sourceTree = "<group>";
		};
		83A5F245223038C000CC2D77 /* ChatBot1UITests */ = {
			isa = PBXGroup;
			children = (
				83A5F246223038C000CC2D77 /* ChatBot1UITests.swift */,
				83A5F248223038C000CC2D77 /* Info.plist */,
			);
			path = ChatBot1UITests;
			sourceTree = "<group>";
		};
/* End PBXGroup section */

/* Begin PBXNativeTarget section */
		83A5F222223038BE00CC2D77 /* ChatBot1 */ = {
			isa = PBXNativeTarget;
			buildConfigurationList = 83A5F24B223038C000CC2D77 /* Build configuration list for PBXNativeTarget "ChatBot1" */;
			buildPhases = (
				83A5F21F223038BE00CC2D77 /* Sources */,
				83A5F220223038BE00CC2D77 /* Frameworks */,
				83A5F221223038BE00CC2D77 /* Resources */,
			);
			buildRules = (
			);
			dependencies = (
			);
			name = ChatBot1;
			productName = ChatBot1;
			productReference = 83A5F223223038BE00CC2D77 /* ChatBot1.app */;
			productType = "com.apple.product-type.application";
		};
		83A5F236223038C000CC2D77 /* ChatBot1Tests */ = {
			isa = PBXNativeTarget;
			buildConfigurationList = 83A5F24E223038C000CC2D77 /* Build configuration list for PBXNativeTarget "ChatBot1Tests" */;
			buildPhases = (
				83A5F233223038C000CC2D77 /* Sources */,
				83A5F234223038C000CC2D77 /* Frameworks */,
				83A5F235223038C000CC2D77 /* Resources */,
			);
			buildRules = (
			);
			dependencies = (
				83A5F239223038C000CC2D77 /* PBXTargetDependency */,
			);
			name = ChatBot1Tests;
			productName = ChatBot1Tests;
			productReference = 83A5F237223038C000CC2D77 /* ChatBot1Tests.xctest */;
			productType = "com.apple.product-type.bundle.unit-test";
		};
		83A5F241223038C000CC2D77 /* ChatBot1UITests */ = {
			isa = PBXNativeTarget;
			buildConfigurationList = 83A5F251223038C000CC2D77 /* Build configuration list for PBXNativeTarget "ChatBot1UITests" */;
			buildPhases = (
				83A5F23E223038C000CC2D77 /* Sources */,
				83A5F23F223038C000CC2D77 /* Frameworks */,
				83A5F240223038C000CC2D77 /* Resources */,
			);
			buildRules = (
			);
			dependencies = (
				83A5F244223038C000CC2D77 /* PBXTargetDependency */,
			);
			name = ChatBot1UITests;
			productName = ChatBot1UITests;
			productReference = 83A5F242223038C000CC2D77 /* ChatBot1UITests.xctest */;
			productType = "com.apple.product-type.bundle.ui-testing";
		};
/* End PBXNativeTarget section */

/* Begin PBXProject section */
		83A5F21B223038BE00CC2D77 /* Project object */ = {
			isa = PBXProject;
			attributes = {
				LastSwiftUpdateCheck = 1010;
				LastUpgradeCheck = 1010;
				ORGANIZATIONNAME = "Lezioni IBM";
				TargetAttributes = {
					83A5F222223038BE00CC2D77 = {
						CreatedOnToolsVersion = 10.1;
					};
					83A5F236223038C000CC2D77 = {
						CreatedOnToolsVersion = 10.1;
						TestTargetID = 83A5F222223038BE00CC2D77;
					};
					83A5F241223038C000CC2D77 = {
						CreatedOnToolsVersion = 10.1;
						TestTargetID = 83A5F222223038BE00CC2D77;
					};
				};
			};
			buildConfigurationList = 83A5F21E223038BE00CC2D77 /* Build configuration list for PBXProject "ChatBot1" */;
			compatibilityVersion = "Xcode 9.3";
			developmentRegion = en;
			hasScannedForEncodings = 0;
			knownRegions = (
				en,
				Base,
			);
			mainGroup = 83A5F21A223038BE00CC2D77;
			productRefGroup = 83A5F224223038BE00CC2D77 /* Products */;
			projectDirPath = "";
			projectRoot = "";
			targets = (
				83A5F222223038BE00CC2D77 /* ChatBot1 */,
				83A5F236223038C000CC2D77 /* ChatBot1Tests */,
				83A5F241223038C000CC2D77 /* ChatBot1UITests */,
			);
		};
/* End PBXProject section */

/* Begin PBXResourcesBuildPhase section */
		83A5F221223038BE00CC2D77 /* Resources */ = {
			isa = PBXResourcesBuildPhase;
			buildActionMask = 2147483647;
			files = (
				83A5F231223038BF00CC2D77 /* LaunchScreen.storyboard in Resources */,
				83A5F22E223038BF00CC2D77 /* Assets.xcassets in Resources */,
				83A5F22C223038BE00CC2D77 /* Main.storyboard in Resources */,
			);
			runOnlyForDeploymentPostprocessing = 0;
		};
		83A5F235223038C000CC2D77 /* Resources */ = {
			isa = PBXResourcesBuildPhase;
			buildActionMask = 2147483647;
			files = (
			);
			runOnlyForDeploymentPostprocessing = 0;
		};
		83A5F240223038C000CC2D77 /* Resources */ = {
			isa = PBXResourcesBuildPhase;
			buildActionMask = 2147483647;
			files = (
			);
			runOnlyForDeploymentPostprocessing = 0;
		};
/* End PBXResourcesBuildPhase section */

/* Begin PBXSourcesBuildPhase section */
		83A5F21F223038BE00CC2D77 /* Sources */ = {
			isa = PBXSourcesBuildPhase;
			buildActionMask = 2147483647;
			files = (
				83A5F229223038BE00CC2D77 /* ViewController.swift in Sources */,
				83A5F227223038BE00CC2D77 /* AppDelegate.swift in Sources */,
			);
			runOnlyForDeploymentPostprocessing = 0;
		};
		83A5F233223038C000CC2D77 /* Sources */ = {
			isa = PBXSourcesBuildPhase;
			buildActionMask = 2147483647;
			files = (
				83A5F23C223038C000CC2D77 /* ChatBot1Tests.swift in Sources */,
			);
			runOnlyForDeploymentPostprocessing = 0;
		};
		83A5F23E223038C000CC2D77 /* Sources */ = {
			isa = PBXSourcesBuildPhase;
			buildActionMask = 2147483647;
			files = (
				83A5F247223038C000CC2D77 /* ChatBot1UITests.swift in Sources */,
			);
			runOnlyForDeploymentPostprocessing = 0;
		};
/* End PBXSourcesBuildPhase section */

/* Begin PBXTargetDependency section */
		83A5F239223038C000CC2D77 /* PBXTargetDependency */ = {
			isa = PBXTargetDependency;
			target = 83A5F222223038BE00CC2D77 /* ChatBot1 */;
			targetProxy = 83A5F238223038C000CC2D77 /* PBXContainerItemProxy */;
		};
		83A5F244223038C000CC2D77 /* PBXTargetDependency */ = {
			isa = PBXTargetDependency;
			target = 83A5F222223038BE00CC2D77 /* ChatBot1 */;
			targetProxy = 83A5F243223038C000CC2D77 /* PBXContainerItemProxy */;
		};
/* End PBXTargetDependency section */

/* Begin PBXVariantGroup section */
		83A5F22A223038BE00CC2D77 /* Main.storyboard */ = {
			isa = PBXVariantGroup;
			children = (
				83A5F22B223038BE00CC2D77 /* Base */,
			);
			name = Main.storyboard;
			sourceTree = "<group>";
		};
		83A5F22F223038BF00CC2D77 /* LaunchScreen.storyboard */ = {
			isa = PBXVariantGroup;
			children = (
				83A5F230223038BF00CC2D77 /* Base */,
			);
			name = LaunchScreen.storyboard;
			sourceTree = "<group>";
		};
/* End PBXVariantGroup section */

/* Begin XCBuildConfiguration section */
		83A5F249223038C000CC2D77 /* Debug */ = {
			isa = XCBuildConfiguration;
			buildSettings = {
				ALWAYS_SEARCH_USER_PATHS = NO;
				CLANG_ANALYZER_NONNULL = YES;
				CLANG_ANALYZER_NUMBER_OBJECT_CONVERSION = YES_AGGRESSIVE;
				CLANG_CXX_LANGUAGE_STANDARD = "gnu++14";
				CLANG_CXX_LIBRARY = "libc++";
				CLANG_ENABLE_MODULES = YES;
				CLANG_ENABLE_OBJC_ARC = YES;
				CLANG_ENABLE_OBJC_WEAK = YES;
				CLANG_WARN_BLOCK_CAPTURE_AUTORELEASING = YES;
				CLANG_WARN_BOOL_CONVERSION = YES;
				CLANG_WARN_COMMA = YES;
				CLANG_WARN_CONSTANT_CONVERSION = YES;
				CLANG_WARN_DEPRECATED_OBJC_IMPLEMENTATIONS = YES;
				CLANG_WARN_DIRECT_OBJC_ISA_USAGE = YES_ERROR;
				CLANG_WARN_DOCUMENTATION_COMMENTS = YES;
				CLANG_WARN_EMPTY_BODY = YES;
				CLANG_WARN_ENUM_CONVERSION = YES;
				CLANG_WARN_INFINITE_RECURSION = YES;
				CLANG_WARN_INT_CONVERSION = YES;
				CLANG_WARN_NON_LITERAL_NULL_CONVERSION = YES;
				CLANG_WARN_OBJC_IMPLICIT_RETAIN_SELF = YES;
				CLANG_WARN_OBJC_LITERAL_CONVERSION = YES;
				CLANG_WARN_OBJC_ROOT_CLASS = YES_ERROR;
				CLANG_WARN_RANGE_LOOP_ANALYSIS = YES;
				CLANG_WARN_STRICT_PROTOTYPES = YES;
				CLANG_WARN_SUSPICIOUS_MOVE = YES;
				CLANG_WARN_UNGUARDED_AVAILABILITY = YES_AGGRESSIVE;
				CLANG_WARN_UNREACHABLE_CODE = YES;
				CLANG_WARN__DUPLICATE_METHOD_MATCH = YES;
				CODE_SIGN_IDENTITY = "iPhone Developer";
				COPY_PHASE_STRIP = NO;
				DEBUG_INFORMATION_FORMAT = dwarf;
				ENABLE_STRICT_OBJC_MSGSEND = YES;
				ENABLE_TESTABILITY = YES;
				GCC_C_LANGUAGE_STANDARD = gnu11;
				GCC_DYNAMIC_NO_PIC = NO;
				GCC_NO_COMMON_BLOCKS = YES;
				GCC_OPTIMIZATION_LEVEL = 0;
				GCC_PREPROCESSOR_DEFINITIONS = (
					"DEBUG=1",
					"$(inherited)",
				);
				GCC_WARN_64_TO_32_BIT_CONVERSION = YES;
				GCC_WARN_ABOUT_RETURN_TYPE = YES_ERROR;
				GCC_WARN_UNDECLARED_SELECTOR = YES;
				GCC_WARN_UNINITIALIZED_AUTOS = YES_AGGRESSIVE;
				GCC_WARN_UNUSED_FUNCTION = YES;
				GCC_WARN_UNUSED_VARIABLE = YES;
				IPHONEOS_DEPLOYMENT_TARGET = 12.1;
				MTL_ENABLE_DEBUG_INFO = INCLUDE_SOURCE;
				MTL_FAST_MATH = YES;
				ONLY_ACTIVE_ARCH = YES;
				SDKROOT = iphoneos;
				SWIFT_ACTIVE_COMPILATION_CONDITIONS = DEBUG;
				SWIFT_OPTIMIZATION_LEVEL = "-Onone";
			};
			name = Debug;
		};
		83A5F24A223038C000CC2D77 /* Release */ = {
			isa = XCBuildConfiguration;
			buildSettings = {
				ALWAYS_SEARCH_USER_PATHS = NO;
				CLANG_ANALYZER_NONNULL = YES;
				CLANG_ANALYZER_NUMBER_OBJECT_CONVERSION = YES_AGGRESSIVE;
				CLANG_CXX_LANGUAGE_STANDARD = "gnu++14";
				CLANG_CXX_LIBRARY = "libc++";
				CLANG_ENABLE_MODULES = YES;
				CLANG_ENABLE_OBJC_ARC = YES;
				CLANG_ENABLE_OBJC_WEAK = YES;
				CLANG_WARN_BLOCK_CAPTURE_AUTORELEASING = YES;
				CLANG_WARN_BOOL_CONVERSION = YES;
				CLANG_WARN_COMMA = YES;
				CLANG_WARN_CONSTANT_CONVERSION = YES;
				CLANG_WARN_DEPRECATED_OBJC_IMPLEMENTATIONS = YES;
				CLANG_WARN_DIRECT_OBJC_ISA_USAGE = YES_ERROR;
				CLANG_WARN_DOCUMENTATION_COMMENTS = YES;
				CLANG_WARN_EMPTY_BODY = YES;
				CLANG_WARN_ENUM_CONVERSION = YES;
				CLANG_WARN_INFINITE_RECURSION = YES;
				CLANG_WARN_INT_CONVERSION = YES;
				CLANG_WARN_NON_LITERAL_NULL_CONVERSION = YES;
				CLANG_WARN_OBJC_IMPLICIT_RETAIN_SELF = YES;
				CLANG_WARN_OBJC_LITERAL_CONVERSION = YES;
				CLANG_WARN_OBJC_ROOT_CLASS = YES_ERROR;
				CLANG_WARN_RANGE_LOOP_ANALYSIS = YES;
				CLANG_WARN_STRICT_PROTOTYPES = YES;
				CLANG_WARN_SUSPICIOUS_MOVE = YES;
				CLANG_WARN_UNGUARDED_AVAILABILITY = YES_AGGRESSIVE;
				CLANG_WARN_UNREACHABLE_CODE = YES;
				CLANG_WARN__DUPLICATE_METHOD_MATCH = YES;
				CODE_SIGN_IDENTITY = "iPhone Developer";
				COPY_PHASE_STRIP = NO;
				DEBUG_INFORMATION_FORMAT = "dwarf-with-dsym";
				ENABLE_NS_ASSERTIONS = NO;
				ENABLE_STRICT_OBJC_MSGSEND = YES;
				GCC_C_LANGUAGE_STANDARD = gnu11;
				GCC_NO_COMMON_BLOCKS = YES;
				GCC_WARN_64_TO_32_BIT_CONVERSION = YES;
				GCC_WARN_ABOUT_RETURN_TYPE = YES_ERROR;
				GCC_WARN_UNDECLARED_SELECTOR = YES;
				GCC_WARN_UNINITIALIZED_AUTOS = YES_AGGRESSIVE;
				GCC_WARN_UNUSED_FUNCTION = YES;
				GCC_WARN_UNUSED_VARIABLE = YES;
				IPHONEOS_DEPLOYMENT_TARGET = 12.1;
				MTL_ENABLE_DEBUG_INFO = NO;
				MTL_FAST_MATH = YES;
				SDKROOT = iphoneos;
				SWIFT_COMPILATION_MODE = wholemodule;
				SWIFT_OPTIMIZATION_LEVEL = "-O";
				VALIDATE_PRODUCT = YES;
			};
			name = Release;
		};
		83A5F24C223038C000CC2D77 /* Debug */ = {
			isa = XCBuildConfiguration;
			buildSettings = {
				ASSETCATALOG_COMPILER_APPICON_NAME = AppIcon;
				CODE_SIGN_STYLE = Automatic;
				DEVELOPMENT_TEAM = TV9ZJ8XFV9;
				INFOPLIST_FILE = ChatBot1/Info.plist;
				LD_RUNPATH_SEARCH_PATHS = (
					"$(inherited)",
					"@executable_path/Frameworks",
				);
				PRODUCT_BUNDLE_IDENTIFIER = lezioni.IBM.it.ChatBot1;
				PRODUCT_NAME = "$(TARGET_NAME)";
				SWIFT_VERSION = 4.2;
				TARGETED_DEVICE_FAMILY = "1,2";
			};
			name = Debug;
		};
		83A5F24D223038C000CC2D77 /* Release */ = {
			isa = XCBuildConfiguration;
			buildSettings = {
				ASSETCATALOG_COMPILER_APPICON_NAME = AppIcon;
				CODE_SIGN_STYLE = Automatic;
				DEVELOPMENT_TEAM = TV9ZJ8XFV9;
				INFOPLIST_FILE = ChatBot1/Info.plist;
				LD_RUNPATH_SEARCH_PATHS = (
					"$(inherited)",
					"@executable_path/Frameworks",
				);
				PRODUCT_BUNDLE_IDENTIFIER = lezioni.IBM.it.ChatBot1;
				PRODUCT_NAME = "$(TARGET_NAME)";
				SWIFT_VERSION = 4.2;
				TARGETED_DEVICE_FAMILY = "1,2";
			};
			name = Release;
		};
		83A5F24F223038C000CC2D77 /* Debug */ = {
			isa = XCBuildConfiguration;
			buildSettings = {
				ALWAYS_EMBED_SWIFT_STANDARD_LIBRARIES = YES;
				BUNDLE_LOADER = "$(TEST_HOST)";
				CODE_SIGN_STYLE = Automatic;
				DEVELOPMENT_TEAM = TV9ZJ8XFV9;
				INFOPLIST_FILE = ChatBot1Tests/Info.plist;
				LD_RUNPATH_SEARCH_PATHS = (
					"$(inherited)",
					"@executable_path/Frameworks",
					"@loader_path/Frameworks",
				);
				PRODUCT_BUNDLE_IDENTIFIER = lezioni.IBM.it.ChatBot1Tests;
				PRODUCT_NAME = "$(TARGET_NAME)";
				SWIFT_VERSION = 4.2;
				TARGETED_DEVICE_FAMILY = "1,2";
				TEST_HOST = "$(BUILT_PRODUCTS_DIR)/ChatBot1.app/ChatBot1";
			};
			name = Debug;
		};
		83A5F250223038C000CC2D77 /* Release */ = {
			isa = XCBuildConfiguration;
			buildSettings = {
				ALWAYS_EMBED_SWIFT_STANDARD_LIBRARIES = YES;
				BUNDLE_LOADER = "$(TEST_HOST)";
				CODE_SIGN_STYLE = Automatic;
				DEVELOPMENT_TEAM = TV9ZJ8XFV9;
				INFOPLIST_FILE = ChatBot1Tests/Info.plist;
				LD_RUNPATH_SEARCH_PATHS = (
					"$(inherited)",
					"@executable_path/Frameworks",
					"@loader_path/Frameworks",
				);
				PRODUCT_BUNDLE_IDENTIFIER = lezioni.IBM.it.ChatBot1Tests;
				PRODUCT_NAME = "$(TARGET_NAME)";
				SWIFT_VERSION = 4.2;
				TARGETED_DEVICE_FAMILY = "1,2";
				TEST_HOST = "$(BUILT_PRODUCTS_DIR)/ChatBot1.app/ChatBot1";
			};
			name = Release;
		};
		83A5F252223038C000CC2D77 /* Debug */ = {
			isa = XCBuildConfiguration;
			buildSettings = {
				ALWAYS_EMBED_SWIFT_STANDARD_LIBRARIES = YES;
				CODE_SIGN_STYLE = Automatic;
				DEVELOPMENT_TEAM = TV9ZJ8XFV9;
				INFOPLIST_FILE = ChatBot1UITests/Info.plist;
				LD_RUNPATH_SEARCH_PATHS = (
					"$(inherited)",
					"@executable_path/Frameworks",
					"@loader_path/Frameworks",
				);
				PRODUCT_BUNDLE_IDENTIFIER = lezioni.IBM.it.ChatBot1UITests;
				PRODUCT_NAME = "$(TARGET_NAME)";
				SWIFT_VERSION = 4.2;
				TARGETED_DEVICE_FAMILY = "1,2";
				TEST_TARGET_NAME = ChatBot1;
			};
			name = Debug;
		};
		83A5F253223038C000CC2D77 /* Release */ = {
			isa = XCBuildConfiguration;
			buildSettings = {
				ALWAYS_EMBED_SWIFT_STANDARD_LIBRARIES = YES;
				CODE_SIGN_STYLE = Automatic;
				DEVELOPMENT_TEAM = TV9ZJ8XFV9;
				INFOPLIST_FILE = ChatBot1UITests/Info.plist;
				LD_RUNPATH_SEARCH_PATHS = (
					"$(inherited)",
					"@executable_path/Frameworks",
					"@loader_path/Frameworks",
				);
				PRODUCT_BUNDLE_IDENTIFIER = lezioni.IBM.it.ChatBot1UITests;
				PRODUCT_NAME = "$(TARGET_NAME)";
				SWIFT_VERSION = 4.2;
				TARGETED_DEVICE_FAMILY = "1,2";
				TEST_TARGET_NAME = ChatBot1;
			};
			name = Release;
		};
/* End XCBuildConfiguration section */

/* Begin XCConfigurationList section */
		83A5F21E223038BE00CC2D77 /* Build configuration list for PBXProject "ChatBot1" */ = {
			isa = XCConfigurationList;
			buildConfigurations = (
				83A5F249223038C000CC2D77 /* Debug */,
				83A5F24A223038C000CC2D77 /* Release */,
			);
			defaultConfigurationIsVisible = 0;
			defaultConfigurationName = Release;
		};
		83A5F24B223038C000CC2D77 /* Build configuration list for PBXNativeTarget "ChatBot1" */ = {
			isa = XCConfigurationList;
			buildConfigurations = (
				83A5F24C223038C000CC2D77 /* Debug */,
				83A5F24D223038C000CC2D77 /* Release */,
			);
			defaultConfigurationIsVisible = 0;
			defaultConfigurationName = Release;
		};
		83A5F24E223038C000CC2D77 /* Build configuration list for PBXNativeTarget "ChatBot1Tests" */ = {
			isa = XCConfigurationList;
			buildConfigurations = (
				83A5F24F223038C000CC2D77 /* Debug */,
				83A5F250223038C000CC2D77 /* Release */,
			);
			defaultConfigurationIsVisible = 0;
			defaultConfigurationName = Release;
		};
		83A5F251223038C000CC2D77 /* Build configuration list for PBXNativeTarget "ChatBot1UITests" */ = {
			isa = XCConfigurationList;
			buildConfigurations = (
				83A5F252223038C000CC2D77 /* Debug */,
				83A5F253223038C000CC2D77 /* Release */,
			);
			defaultConfigurationIsVisible = 0;
			defaultConfigurationName = Release;
		};
/* End XCConfigurationList section */
	};
	rootObject = 83A5F21B223038BE00CC2D77 /* Project object */;
}
