// !$*UTF8*$!
{
	archiveVersion = 1;
	classes = {
	};
	objectVersion = 50;
	objects = {

/* Begin PBXBuildFile section */
		83C2390C22303B14000B7118 /* AppDelegate.swift in Sources */ = {isa = PBXBuildFile; fileRef = 83C2390B22303B14000B7118 /* AppDelegate.swift */; };
		83C2390E22303B14000B7118 /* ViewController.swift in Sources */ = {isa = PBXBuildFile; fileRef = 83C2390D22303B14000B7118 /* ViewController.swift */; };
		83C2391122303B14000B7118 /* Main.storyboard in Resources */ = {isa = PBXBuildFile; fileRef = 83C2390F22303B14000B7118 /* Main.storyboard */; };
		83C2391322303B15000B7118 /* Assets.xcassets in Resources */ = {isa = PBXBuildFile; fileRef = 83C2391222303B15000B7118 /* Assets.xcassets */; };
		83C2391622303B15000B7118 /* LaunchScreen.storyboard in Resources */ = {isa = PBXBuildFile; fileRef = 83C2391422303B15000B7118 /* LaunchScreen.storyboard */; };
		83C2392122303B16000B7118 /* WatsonAssistantTests.swift in Sources */ = {isa = PBXBuildFile; fileRef = 83C2392022303B16000B7118 /* WatsonAssistantTests.swift */; };
		83C2392C22303B16000B7118 /* WatsonAssistantUITests.swift in Sources */ = {isa = PBXBuildFile; fileRef = 83C2392B22303B16000B7118 /* WatsonAssistantUITests.swift */; };
/* End PBXBuildFile section */

/* Begin PBXContainerItemProxy section */
		83C2391D22303B16000B7118 /* PBXContainerItemProxy */ = {
			isa = PBXContainerItemProxy;
			containerPortal = 83C2390022303B14000B7118 /* Project object */;
			proxyType = 1;
			remoteGlobalIDString = 83C2390722303B14000B7118;
			remoteInfo = WatsonAssistant;
		};
		83C2392822303B16000B7118 /* PBXContainerItemProxy */ = {
			isa = PBXContainerItemProxy;
			containerPortal = 83C2390022303B14000B7118 /* Project object */;
			proxyType = 1;
			remoteGlobalIDString = 83C2390722303B14000B7118;
			remoteInfo = WatsonAssistant;
		};
/* End PBXContainerItemProxy section */

/* Begin PBXFileReference section */
		83C2390822303B14000B7118 /* WatsonAssistant.app */ = {isa = PBXFileReference; explicitFileType = wrapper.application; includeInIndex = 0; path = WatsonAssistant.app; sourceTree = BUILT_PRODUCTS_DIR; };
		83C2390B22303B14000B7118 /* AppDelegate.swift */ = {isa = PBXFileReference; lastKnownFileType = sourcecode.swift; path = AppDelegate.swift; sourceTree = "<group>"; };
		83C2390D22303B14000B7118 /* ViewController.swift */ = {isa = PBXFileReference; lastKnownFileType = sourcecode.swift; path = ViewController.swift; sourceTree = "<group>"; };
		83C2391022303B14000B7118 /* Base */ = {isa = PBXFileReference; lastKnownFileType = file.storyboard; name = Base; path = Base.lproj/Main.storyboard; sourceTree = "<group>"; };
		83C2391222303B15000B7118 /* Assets.xcassets */ = {isa = PBXFileReference; lastKnownFileType = folder.assetcatalog; path = Assets.xcassets; sourceTree = "<group>"; };
		83C2391522303B15000B7118 /* Base */ = {isa = PBXFileReference; lastKnownFileType = file.storyboard; name = Base; path = Base.lproj/LaunchScreen.storyboard; sourceTree = "<group>"; };
		83C2391722303B15000B7118 /* Info.plist */ = {isa = PBXFileReference; lastKnownFileType = text.plist.xml; path = Info.plist; sourceTree = "<group>"; };
		83C2391C22303B16000B7118 /* WatsonAssistantTests.xctest */ = {isa = PBXFileReference; explicitFileType = wrapper.cfbundle; includeInIndex = 0; path = WatsonAssistantTests.xctest; sourceTree = BUILT_PRODUCTS_DIR; };
		83C2392022303B16000B7118 /* WatsonAssistantTests.swift */ = {isa = PBXFileReference; lastKnownFileType = sourcecode.swift; path = WatsonAssistantTests.swift; sourceTree = "<group>"; };
		83C2392222303B16000B7118 /* Info.plist */ = {isa = PBXFileReference; lastKnownFileType = text.plist.xml; path = Info.plist; sourceTree = "<group>"; };
		83C2392722303B16000B7118 /* WatsonAssistantUITests.xctest */ = {isa = PBXFileReference; explicitFileType = wrapper.cfbundle; includeInIndex = 0; path = WatsonAssistantUITests.xctest; sourceTree = BUILT_PRODUCTS_DIR; };
		83C2392B22303B16000B7118 /* WatsonAssistantUITests.swift */ = {isa = PBXFileReference; lastKnownFileType = sourcecode.swift; path = WatsonAssistantUITests.swift; sourceTree = "<group>"; };
		83C2392D22303B16000B7118 /* Info.plist */ = {isa = PBXFileReference; lastKnownFileType = text.plist.xml; path = Info.plist; sourceTree = "<group>"; };
/* End PBXFileReference section */

/* Begin PBXFrameworksBuildPhase section */
		83C2390522303B14000B7118 /* Frameworks */ = {
			isa = PBXFrameworksBuildPhase;
			buildActionMask = 2147483647;
			files = (
			);
			runOnlyForDeploymentPostprocessing = 0;
		};
		83C2391922303B16000B7118 /* Frameworks */ = {
			isa = PBXFrameworksBuildPhase;
			buildActionMask = 2147483647;
			files = (
			);
			runOnlyForDeploymentPostprocessing = 0;
		};
		83C2392422303B16000B7118 /* Frameworks */ = {
			isa = PBXFrameworksBuildPhase;
			buildActionMask = 2147483647;
			files = (
			);
			runOnlyForDeploymentPostprocessing = 0;
		};
/* End PBXFrameworksBuildPhase section */

/* Begin PBXGroup section */
		83C238FF22303B14000B7118 = {
			isa = PBXGroup;
			children = (
				83C2390A22303B14000B7118 /* WatsonAssistant */,
				83C2391F22303B16000B7118 /* WatsonAssistantTests */,
				83C2392A22303B16000B7118 /* WatsonAssistantUITests */,
				83C2390922303B14000B7118 /* Products */,
			);
			sourceTree = "<group>";
		};
		83C2390922303B14000B7118 /* Products */ = {
			isa = PBXGroup;
			children = (
				83C2390822303B14000B7118 /* WatsonAssistant.app */,
				83C2391C22303B16000B7118 /* WatsonAssistantTests.xctest */,
				83C2392722303B16000B7118 /* WatsonAssistantUITests.xctest */,
			);
			name = Products;
			sourceTree = "<group>";
		};
		83C2390A22303B14000B7118 /* WatsonAssistant */ = {
			isa = PBXGroup;
			children = (
				83C2390B22303B14000B7118 /* AppDelegate.swift */,
				83C2390D22303B14000B7118 /* ViewController.swift */,
				83C2390F22303B14000B7118 /* Main.storyboard */,
				83C2391222303B15000B7118 /* Assets.xcassets */,
				83C2391422303B15000B7118 /* LaunchScreen.storyboard */,
				83C2391722303B15000B7118 /* Info.plist */,
			);
			path = WatsonAssistant;
			sourceTree = "<group>";
		};
		83C2391F22303B16000B7118 /* WatsonAssistantTests */ = {
			isa = PBXGroup;
			children = (
				83C2392022303B16000B7118 /* WatsonAssistantTests.swift */,
				83C2392222303B16000B7118 /* Info.plist */,
			);
			path = WatsonAssistantTests;
			sourceTree = "<group>";
		};
		83C2392A22303B16000B7118 /* WatsonAssistantUITests */ = {
			isa = PBXGroup;
			children = (
				83C2392B22303B16000B7118 /* WatsonAssistantUITests.swift */,
				83C2392D22303B16000B7118 /* Info.plist */,
			);
			path = WatsonAssistantUITests;
			sourceTree = "<group>";
		};
/* End PBXGroup section */

/* Begin PBXNativeTarget section */
		83C2390722303B14000B7118 /* WatsonAssistant */ = {
			isa = PBXNativeTarget;
			buildConfigurationList = 83C2393022303B16000B7118 /* Build configuration list for PBXNativeTarget "WatsonAssistant" */;
			buildPhases = (
				83C2390422303B14000B7118 /* Sources */,
				83C2390522303B14000B7118 /* Frameworks */,
				83C2390622303B14000B7118 /* Resources */,
			);
			buildRules = (
			);
			dependencies = (
			);
			name = WatsonAssistant;
			productName = WatsonAssistant;
			productReference = 83C2390822303B14000B7118 /* WatsonAssistant.app */;
			productType = "com.apple.product-type.application";
		};
		83C2391B22303B16000B7118 /* WatsonAssistantTests */ = {
			isa = PBXNativeTarget;
			buildConfigurationList = 83C2393322303B16000B7118 /* Build configuration list for PBXNativeTarget "WatsonAssistantTests" */;
			buildPhases = (
				83C2391822303B16000B7118 /* Sources */,
				83C2391922303B16000B7118 /* Frameworks */,
				83C2391A22303B16000B7118 /* Resources */,
			);
			buildRules = (
			);
			dependencies = (
				83C2391E22303B16000B7118 /* PBXTargetDependency */,
			);
			name = WatsonAssistantTests;
			productName = WatsonAssistantTests;
			productReference = 83C2391C22303B16000B7118 /* WatsonAssistantTests.xctest */;
			productType = "com.apple.product-type.bundle.unit-test";
		};
		83C2392622303B16000B7118 /* WatsonAssistantUITests */ = {
			isa = PBXNativeTarget;
			buildConfigurationList = 83C2393622303B16000B7118 /* Build configuration list for PBXNativeTarget "WatsonAssistantUITests" */;
			buildPhases = (
				83C2392322303B16000B7118 /* Sources */,
				83C2392422303B16000B7118 /* Frameworks */,
				83C2392522303B16000B7118 /* Resources */,
			);
			buildRules = (
			);
			dependencies = (
				83C2392922303B16000B7118 /* PBXTargetDependency */,
			);
			name = WatsonAssistantUITests;
			productName = WatsonAssistantUITests;
			productReference = 83C2392722303B16000B7118 /* WatsonAssistantUITests.xctest */;
			productType = "com.apple.product-type.bundle.ui-testing";
		};
/* End PBXNativeTarget section */

/* Begin PBXProject section */
		83C2390022303B14000B7118 /* Project object */ = {
			isa = PBXProject;
			attributes = {
				LastSwiftUpdateCheck = 1010;
				LastUpgradeCheck = 1010;
				ORGANIZATIONNAME = "Lezioni IBM";
				TargetAttributes = {
					83C2390722303B14000B7118 = {
						CreatedOnToolsVersion = 10.1;
					};
					83C2391B22303B16000B7118 = {
						CreatedOnToolsVersion = 10.1;
						TestTargetID = 83C2390722303B14000B7118;
					};
					83C2392622303B16000B7118 = {
						CreatedOnToolsVersion = 10.1;
						TestTargetID = 83C2390722303B14000B7118;
					};
				};
			};
			buildConfigurationList = 83C2390322303B14000B7118 /* Build configuration list for PBXProject "WatsonAssistant" */;
			compatibilityVersion = "Xcode 9.3";
			developmentRegion = en;
			hasScannedForEncodings = 0;
			knownRegions = (
				en,
				Base,
			);
			mainGroup = 83C238FF22303B14000B7118;
			productRefGroup = 83C2390922303B14000B7118 /* Products */;
			projectDirPath = "";
			projectRoot = "";
			targets = (
				83C2390722303B14000B7118 /* WatsonAssistant */,
				83C2391B22303B16000B7118 /* WatsonAssistantTests */,
				83C2392622303B16000B7118 /* WatsonAssistantUITests */,
			);
		};
/* End PBXProject section */

/* Begin PBXResourcesBuildPhase section */
		83C2390622303B14000B7118 /* Resources */ = {
			isa = PBXResourcesBuildPhase;
			buildActionMask = 2147483647;
			files = (
				83C2391622303B15000B7118 /* LaunchScreen.storyboard in Resources */,
				83C2391322303B15000B7118 /* Assets.xcassets in Resources */,
				83C2391122303B14000B7118 /* Main.storyboard in Resources */,
			);
			runOnlyForDeploymentPostprocessing = 0;
		};
		83C2391A22303B16000B7118 /* Resources */ = {
			isa = PBXResourcesBuildPhase;
			buildActionMask = 2147483647;
			files = (
			);
			runOnlyForDeploymentPostprocessing = 0;
		};
		83C2392522303B16000B7118 /* Resources */ = {
			isa = PBXResourcesBuildPhase;
			buildActionMask = 2147483647;
			files = (
			);
			runOnlyForDeploymentPostprocessing = 0;
		};
/* End PBXResourcesBuildPhase section */

/* Begin PBXSourcesBuildPhase section */
		83C2390422303B14000B7118 /* Sources */ = {
			isa = PBXSourcesBuildPhase;
			buildActionMask = 2147483647;
			files = (
				83C2390E22303B14000B7118 /* ViewController.swift in Sources */,
				83C2390C22303B14000B7118 /* AppDelegate.swift in Sources */,
			);
			runOnlyForDeploymentPostprocessing = 0;
		};
		83C2391822303B16000B7118 /* Sources */ = {
			isa = PBXSourcesBuildPhase;
			buildActionMask = 2147483647;
			files = (
				83C2392122303B16000B7118 /* WatsonAssistantTests.swift in Sources */,
			);
			runOnlyForDeploymentPostprocessing = 0;
		};
		83C2392322303B16000B7118 /* Sources */ = {
			isa = PBXSourcesBuildPhase;
			buildActionMask = 2147483647;
			files = (
				83C2392C22303B16000B7118 /* WatsonAssistantUITests.swift in Sources */,
			);
			runOnlyForDeploymentPostprocessing = 0;
		};
/* End PBXSourcesBuildPhase section */

/* Begin PBXTargetDependency section */
		83C2391E22303B16000B7118 /* PBXTargetDependency */ = {
			isa = PBXTargetDependency;
			target = 83C2390722303B14000B7118 /* WatsonAssistant */;
			targetProxy = 83C2391D22303B16000B7118 /* PBXContainerItemProxy */;
		};
		83C2392922303B16000B7118 /* PBXTargetDependency */ = {
			isa = PBXTargetDependency;
			target = 83C2390722303B14000B7118 /* WatsonAssistant */;
			targetProxy = 83C2392822303B16000B7118 /* PBXContainerItemProxy */;
		};
/* End PBXTargetDependency section */

/* Begin PBXVariantGroup section */
		83C2390F22303B14000B7118 /* Main.storyboard */ = {
			isa = PBXVariantGroup;
			children = (
				83C2391022303B14000B7118 /* Base */,
			);
			name = Main.storyboard;
			sourceTree = "<group>";
		};
		83C2391422303B15000B7118 /* LaunchScreen.storyboard */ = {
			isa = PBXVariantGroup;
			children = (
				83C2391522303B15000B7118 /* Base */,
			);
			name = LaunchScreen.storyboard;
			sourceTree = "<group>";
		};
/* End PBXVariantGroup section */

/* Begin XCBuildConfiguration section */
		83C2392E22303B16000B7118 /* Debug */ = {
			isa = XCBuildConfiguration;
			buildSettings = {
				ALWAYS_SEARCH_USER_PATHS = NO;
				CLANG_ANALYZER_NONNULL = YES;
				CLANG_ANALYZER_NUMBER_OBJECT_CONVERSION = YES_AGGRESSIVE;
				CLANG_CXX_LANGUAGE_STANDARD = "gnu++14";
				CLANG_CXX_LIBRARY = "libc++";
				CLANG_ENABLE_MODULES = YES;
				CLANG_ENABLE_OBJC_ARC = YES;
				CLANG_ENABLE_OBJC_WEAK = YES;
				CLANG_WARN_BLOCK_CAPTURE_AUTORELEASING = YES;
				CLANG_WARN_BOOL_CONVERSION = YES;
				CLANG_WARN_COMMA = YES;
				CLANG_WARN_CONSTANT_CONVERSION = YES;
				CLANG_WARN_DEPRECATED_OBJC_IMPLEMENTATIONS = YES;
				CLANG_WARN_DIRECT_OBJC_ISA_USAGE = YES_ERROR;
				CLANG_WARN_DOCUMENTATION_COMMENTS = YES;
				CLANG_WARN_EMPTY_BODY = YES;
				CLANG_WARN_ENUM_CONVERSION = YES;
				CLANG_WARN_INFINITE_RECURSION = YES;
				CLANG_WARN_INT_CONVERSION = YES;
				CLANG_WARN_NON_LITERAL_NULL_CONVERSION = YES;
				CLANG_WARN_OBJC_IMPLICIT_RETAIN_SELF = YES;
				CLANG_WARN_OBJC_LITERAL_CONVERSION = YES;
				CLANG_WARN_OBJC_ROOT_CLASS = YES_ERROR;
				CLANG_WARN_RANGE_LOOP_ANALYSIS = YES;
				CLANG_WARN_STRICT_PROTOTYPES = YES;
				CLANG_WARN_SUSPICIOUS_MOVE = YES;
				CLANG_WARN_UNGUARDED_AVAILABILITY = YES_AGGRESSIVE;
				CLANG_WARN_UNREACHABLE_CODE = YES;
				CLANG_WARN__DUPLICATE_METHOD_MATCH = YES;
				CODE_SIGN_IDENTITY = "iPhone Developer";
				COPY_PHASE_STRIP = NO;
				DEBUG_INFORMATION_FORMAT = dwarf;
				ENABLE_STRICT_OBJC_MSGSEND = YES;
				ENABLE_TESTABILITY = YES;
				GCC_C_LANGUAGE_STANDARD = gnu11;
				GCC_DYNAMIC_NO_PIC = NO;
				GCC_NO_COMMON_BLOCKS = YES;
				GCC_OPTIMIZATION_LEVEL = 0;
				GCC_PREPROCESSOR_DEFINITIONS = (
					"DEBUG=1",
					"$(inherited)",
				);
				GCC_WARN_64_TO_32_BIT_CONVERSION = YES;
				GCC_WARN_ABOUT_RETURN_TYPE = YES_ERROR;
				GCC_WARN_UNDECLARED_SELECTOR = YES;
				GCC_WARN_UNINITIALIZED_AUTOS = YES_AGGRESSIVE;
				GCC_WARN_UNUSED_FUNCTION = YES;
				GCC_WARN_UNUSED_VARIABLE = YES;
				IPHONEOS_DEPLOYMENT_TARGET = 12.1;
				MTL_ENABLE_DEBUG_INFO = INCLUDE_SOURCE;
				MTL_FAST_MATH = YES;
				ONLY_ACTIVE_ARCH = YES;
				SDKROOT = iphoneos;
				SWIFT_ACTIVE_COMPILATION_CONDITIONS = DEBUG;
				SWIFT_OPTIMIZATION_LEVEL = "-Onone";
			};
			name = Debug;
		};
		83C2392F22303B16000B7118 /* Release */ = {
			isa = XCBuildConfiguration;
			buildSettings = {
				ALWAYS_SEARCH_USER_PATHS = NO;
				CLANG_ANALYZER_NONNULL = YES;
				CLANG_ANALYZER_NUMBER_OBJECT_CONVERSION = YES_AGGRESSIVE;
				CLANG_CXX_LANGUAGE_STANDARD = "gnu++14";
				CLANG_CXX_LIBRARY = "libc++";
				CLANG_ENABLE_MODULES = YES;
				CLANG_ENABLE_OBJC_ARC = YES;
				CLANG_ENABLE_OBJC_WEAK = YES;
				CLANG_WARN_BLOCK_CAPTURE_AUTORELEASING = YES;
				CLANG_WARN_BOOL_CONVERSION = YES;
				CLANG_WARN_COMMA = YES;
				CLANG_WARN_CONSTANT_CONVERSION = YES;
				CLANG_WARN_DEPRECATED_OBJC_IMPLEMENTATIONS = YES;
				CLANG_WARN_DIRECT_OBJC_ISA_USAGE = YES_ERROR;
				CLANG_WARN_DOCUMENTATION_COMMENTS = YES;
				CLANG_WARN_EMPTY_BODY = YES;
				CLANG_WARN_ENUM_CONVERSION = YES;
				CLANG_WARN_INFINITE_RECURSION = YES;
				CLANG_WARN_INT_CONVERSION = YES;
				CLANG_WARN_NON_LITERAL_NULL_CONVERSION = YES;
				CLANG_WARN_OBJC_IMPLICIT_RETAIN_SELF = YES;
				CLANG_WARN_OBJC_LITERAL_CONVERSION = YES;
				CLANG_WARN_OBJC_ROOT_CLASS = YES_ERROR;
				CLANG_WARN_RANGE_LOOP_ANALYSIS = YES;
				CLANG_WARN_STRICT_PROTOTYPES = YES;
				CLANG_WARN_SUSPICIOUS_MOVE = YES;
				CLANG_WARN_UNGUARDED_AVAILABILITY = YES_AGGRESSIVE;
				CLANG_WARN_UNREACHABLE_CODE = YES;
				CLANG_WARN__DUPLICATE_METHOD_MATCH = YES;
				CODE_SIGN_IDENTITY = "iPhone Developer";
				COPY_PHASE_STRIP = NO;
				DEBUG_INFORMATION_FORMAT = "dwarf-with-dsym";
				ENABLE_NS_ASSERTIONS = NO;
				ENABLE_STRICT_OBJC_MSGSEND = YES;
				GCC_C_LANGUAGE_STANDARD = gnu11;
				GCC_NO_COMMON_BLOCKS = YES;
				GCC_WARN_64_TO_32_BIT_CONVERSION = YES;
				GCC_WARN_ABOUT_RETURN_TYPE = YES_ERROR;
				GCC_WARN_UNDECLARED_SELECTOR = YES;
				GCC_WARN_UNINITIALIZED_AUTOS = YES_AGGRESSIVE;
				GCC_WARN_UNUSED_FUNCTION = YES;
				GCC_WARN_UNUSED_VARIABLE = YES;
				IPHONEOS_DEPLOYMENT_TARGET = 12.1;
				MTL_ENABLE_DEBUG_INFO = NO;
				MTL_FAST_MATH = YES;
				SDKROOT = iphoneos;
				SWIFT_COMPILATION_MODE = wholemodule;
				SWIFT_OPTIMIZATION_LEVEL = "-O";
				VALIDATE_PRODUCT = YES;
			};
			name = Release;
		};
		83C2393122303B16000B7118 /* Debug */ = {
			isa = XCBuildConfiguration;
			buildSettings = {
				ASSETCATALOG_COMPILER_APPICON_NAME = AppIcon;
				CODE_SIGN_STYLE = Automatic;
				DEVELOPMENT_TEAM = TV9ZJ8XFV9;
				INFOPLIST_FILE = WatsonAssistant/Info.plist;
				LD_RUNPATH_SEARCH_PATHS = (
					"$(inherited)",
					"@executable_path/Frameworks",
				);
				PRODUCT_BUNDLE_IDENTIFIER = lezioni.IBM.it.WatsonAssistant;
				PRODUCT_NAME = "$(TARGET_NAME)";
				SWIFT_VERSION = 4.2;
				TARGETED_DEVICE_FAMILY = "1,2";
			};
			name = Debug;
		};
		83C2393222303B16000B7118 /* Release */ = {
			isa = XCBuildConfiguration;
			buildSettings = {
				ASSETCATALOG_COMPILER_APPICON_NAME = AppIcon;
				CODE_SIGN_STYLE = Automatic;
				DEVELOPMENT_TEAM = TV9ZJ8XFV9;
				INFOPLIST_FILE = WatsonAssistant/Info.plist;
				LD_RUNPATH_SEARCH_PATHS = (
					"$(inherited)",
					"@executable_path/Frameworks",
				);
				PRODUCT_BUNDLE_IDENTIFIER = lezioni.IBM.it.WatsonAssistant;
				PRODUCT_NAME = "$(TARGET_NAME)";
				SWIFT_VERSION = 4.2;
				TARGETED_DEVICE_FAMILY = "1,2";
			};
			name = Release;
		};
		83C2393422303B16000B7118 /* Debug */ = {
			isa = XCBuildConfiguration;
			buildSettings = {
				ALWAYS_EMBED_SWIFT_STANDARD_LIBRARIES = YES;
				BUNDLE_LOADER = "$(TEST_HOST)";
				CODE_SIGN_STYLE = Automatic;
				DEVELOPMENT_TEAM = TV9ZJ8XFV9;
				INFOPLIST_FILE = WatsonAssistantTests/Info.plist;
				LD_RUNPATH_SEARCH_PATHS = (
					"$(inherited)",
					"@executable_path/Frameworks",
					"@loader_path/Frameworks",
				);
				PRODUCT_BUNDLE_IDENTIFIER = lezioni.IBM.it.WatsonAssistantTests;
				PRODUCT_NAME = "$(TARGET_NAME)";
				SWIFT_VERSION = 4.2;
				TARGETED_DEVICE_FAMILY = "1,2";
				TEST_HOST = "$(BUILT_PRODUCTS_DIR)/WatsonAssistant.app/WatsonAssistant";
			};
			name = Debug;
		};
		83C2393522303B16000B7118 /* Release */ = {
			isa = XCBuildConfiguration;
			buildSettings = {
				ALWAYS_EMBED_SWIFT_STANDARD_LIBRARIES = YES;
				BUNDLE_LOADER = "$(TEST_HOST)";
				CODE_SIGN_STYLE = Automatic;
				DEVELOPMENT_TEAM = TV9ZJ8XFV9;
				INFOPLIST_FILE = WatsonAssistantTests/Info.plist;
				LD_RUNPATH_SEARCH_PATHS = (
					"$(inherited)",
					"@executable_path/Frameworks",
					"@loader_path/Frameworks",
				);
				PRODUCT_BUNDLE_IDENTIFIER = lezioni.IBM.it.WatsonAssistantTests;
				PRODUCT_NAME = "$(TARGET_NAME)";
				SWIFT_VERSION = 4.2;
				TARGETED_DEVICE_FAMILY = "1,2";
				TEST_HOST = "$(BUILT_PRODUCTS_DIR)/WatsonAssistant.app/WatsonAssistant";
			};
			name = Release;
		};
		83C2393722303B16000B7118 /* Debug */ = {
			isa = XCBuildConfiguration;
			buildSettings = {
				ALWAYS_EMBED_SWIFT_STANDARD_LIBRARIES = YES;
				CODE_SIGN_STYLE = Automatic;
				DEVELOPMENT_TEAM = TV9ZJ8XFV9;
				INFOPLIST_FILE = WatsonAssistantUITests/Info.plist;
				LD_RUNPATH_SEARCH_PATHS = (
					"$(inherited)",
					"@executable_path/Frameworks",
					"@loader_path/Frameworks",
				);
				PRODUCT_BUNDLE_IDENTIFIER = lezioni.IBM.it.WatsonAssistantUITests;
				PRODUCT_NAME = "$(TARGET_NAME)";
				SWIFT_VERSION = 4.2;
				TARGETED_DEVICE_FAMILY = "1,2";
				TEST_TARGET_NAME = WatsonAssistant;
			};
			name = Debug;
		};
		83C2393822303B16000B7118 /* Release */ = {
			isa = XCBuildConfiguration;
			buildSettings = {
				ALWAYS_EMBED_SWIFT_STANDARD_LIBRARIES = YES;
				CODE_SIGN_STYLE = Automatic;
				DEVELOPMENT_TEAM = TV9ZJ8XFV9;
				INFOPLIST_FILE = WatsonAssistantUITests/Info.plist;
				LD_RUNPATH_SEARCH_PATHS = (
					"$(inherited)",
					"@executable_path/Frameworks",
					"@loader_path/Frameworks",
				);
				PRODUCT_BUNDLE_IDENTIFIER = lezioni.IBM.it.WatsonAssistantUITests;
				PRODUCT_NAME = "$(TARGET_NAME)";
				SWIFT_VERSION = 4.2;
				TARGETED_DEVICE_FAMILY = "1,2";
				TEST_TARGET_NAME = WatsonAssistant;
			};
			name = Release;
		};
/* End XCBuildConfiguration section */

/* Begin XCConfigurationList section */
		83C2390322303B14000B7118 /* Build configuration list for PBXProject "WatsonAssistant" */ = {
			isa = XCConfigurationList;
			buildConfigurations = (
				83C2392E22303B16000B7118 /* Debug */,
				83C2392F22303B16000B7118 /* Release */,
			);
			defaultConfigurationIsVisible = 0;
			defaultConfigurationName = Release;
		};
		83C2393022303B16000B7118 /* Build configuration list for PBXNativeTarget "WatsonAssistant" */ = {
			isa = XCConfigurationList;
			buildConfigurations = (
				83C2393122303B16000B7118 /* Debug */,
				83C2393222303B16000B7118 /* Release */,
			);
			defaultConfigurationIsVisible = 0;
			defaultConfigurationName = Release;
		};
		83C2393322303B16000B7118 /* Build configuration list for PBXNativeTarget "WatsonAssistantTests" */ = {
			isa = XCConfigurationList;
			buildConfigurations = (
				83C2393422303B16000B7118 /* Debug */,
				83C2393522303B16000B7118 /* Release */,
			);
			defaultConfigurationIsVisible = 0;
			defaultConfigurationName = Release;
		};
		83C2393622303B16000B7118 /* Build configuration list for PBXNativeTarget "WatsonAssistantUITests" */ = {
			isa = XCConfigurationList;
			buildConfigurations = (
				83C2393722303B16000B7118 /* Debug */,
				83C2393822303B16000B7118 /* Release */,
			);
			defaultConfigurationIsVisible = 0;
			defaultConfigurationName = Release;
		};
/* End XCConfigurationList section */
	};
	rootObject = 83C2390022303B14000B7118 /* Project object */;
}
